
Microsoft Visual Studio Solution File, Format Version 10.00
# Visual Studio 2008
Project("{8BC9CEB8-8B4A-11D0-8D11-00A0C91BC942}") = "nuvee_ps2_usb", "nuvee_ps2_usb.vcproj", "{7EA4F39B-5F88-4AD5-A616-8679AFC90D54}"
EndProject
Global
	GlobalSection(SolutionConfigurationPlatforms) = preSolution
		Debug|Win32 = Debug|Win32
		Release|Win32 = Release|Win32
	EndGlobalSection
	GlobalSection(ProjectConfigurationPlatforms) = postSolution
		{7EA4F39B-5F88-4AD5-A616-8679AFC90D54}.Debug|Win32.ActiveCfg = Debug|Win32
		{7EA4F39B-5F88-4AD5-A616-8679AFC90D54}.Debug|Win32.Build.0 = Debug|Win32
		{7EA4F39B-5F88-4AD5-A616-8679AFC90D54}.Release|Win32.ActiveCfg = Release|Win32
		{7EA4F39B-5F88-4AD5-A616-8679AFC90D54}.Release|Win32.Build.0 = Release|Win32
	EndGlobalSection
	GlobalSection(SolutionProperties) = preSolution
		HideSolutionNode = FALSE
	EndGlobalSection
EndGlobal
